
Microsoft Visual Studio Solution File, Format Version 12.00
# Visual Studio 14
VisualStudioVersion = 14.0.25420.1
MinimumVisualStudioVersion = 10.0.40219.1
Project("{FAE04EC0-301F-11D3-BF4B-00C04F79EFBC}") = "XamarinApiRestfull", "XamarinApiRestfull\XamarinApiRestfull\XamarinApiRestfull.csproj", "{8C237329-C4FA-447A-A1F4-AFC80C261F6A}"
EndProject
Project("{FAE04EC0-301F-11D3-BF4B-00C04F79EFBC}") = "XamarinApiRestfull.Droid", "XamarinApiRestfull\XamarinApiRestfull.Droid\XamarinApiRestfull.Droid.csproj", "{5FB0FB93-8E9C-49E7-B5E1-32868B0CC1C9}"
EndProject
Project("{FAE04EC0-301F-11D3-BF4B-00C04F79EFBC}") = "XamarinApiRestfull.iOS", "XamarinApiRestfull\XamarinApiRestfull.iOS\XamarinApiRestfull.iOS.csproj", "{75F7DCDD-E340-435D-BE9B-F2EDD73A8CB6}"
EndProject
Project("{FAE04EC0-301F-11D3-BF4B-00C04F79EFBC}") = "XamarinApiRestfull.WinPhone", "XamarinApiRestfull\XamarinApiRestfull.WinPhone\XamarinApiRestfull.WinPhone.csproj", "{C341223D-7836-46AE-A0AF-68210D9F0CC8}"
EndProject
Project("{FAE04EC0-301F-11D3-BF4B-00C04F79EFBC}") = "XamarinApiRestfull.Windows", "XamarinApiRestfull\XamarinApiRestfull.Windows\XamarinApiRestfull.Windows.csproj", "{A06FF7DB-5805-4F5E-A578-46EBE5A198EE}"
EndProject
Global
	GlobalSection(SolutionConfigurationPlatforms) = preSolution
		Ad-Hoc|Any CPU = Ad-Hoc|Any CPU
		Ad-Hoc|ARM = Ad-Hoc|ARM
		Ad-Hoc|iPhone = Ad-Hoc|iPhone
		Ad-Hoc|iPhoneSimulator = Ad-Hoc|iPhoneSimulator
		Ad-Hoc|x64 = Ad-Hoc|x64
		Ad-Hoc|x86 = Ad-Hoc|x86
		AppStore|Any CPU = AppStore|Any CPU
		AppStore|ARM = AppStore|ARM
		AppStore|iPhone = AppStore|iPhone
		AppStore|iPhoneSimulator = AppStore|iPhoneSimulator
		AppStore|x64 = AppStore|x64
		AppStore|x86 = AppStore|x86
		Debug|Any CPU = Debug|Any CPU
		Debug|ARM = Debug|ARM
		Debug|iPhone = Debug|iPhone
		Debug|iPhoneSimulator = Debug|iPhoneSimulator
		Debug|x64 = Debug|x64
		Debug|x86 = Debug|x86
		Release|Any CPU = Release|Any CPU
		Release|ARM = Release|ARM
		Release|iPhone = Release|iPhone
		Release|iPhoneSimulator = Release|iPhoneSimulator
		Release|x64 = Release|x64
		Release|x86 = Release|x86
	EndGlobalSection
	GlobalSection(ProjectConfigurationPlatforms) = postSolution
		{8C237329-C4FA-447A-A1F4-AFC80C261F6A}.Ad-Hoc|Any CPU.ActiveCfg = Release|Any CPU
		{8C237329-C4FA-447A-A1F4-AFC80C261F6A}.Ad-Hoc|Any CPU.Build.0 = Release|Any CPU
		{8C237329-C4FA-447A-A1F4-AFC80C261F6A}.Ad-Hoc|ARM.ActiveCfg = Release|Any CPU
		{8C237329-C4FA-447A-A1F4-AFC80C261F6A}.Ad-Hoc|ARM.Build.0 = Release|Any CPU
		{8C237329-C4FA-447A-A1F4-AFC80C261F6A}.Ad-Hoc|iPhone.ActiveCfg = Release|Any CPU
		{8C237329-C4FA-447A-A1F4-AFC80C261F6A}.Ad-Hoc|iPhone.Build.0 = Release|Any CPU
		{8C237329-C4FA-447A-A1F4-AFC80C261F6A}.Ad-Hoc|iPhoneSimulator.ActiveCfg = Release|Any CPU
		{8C237329-C4FA-447A-A1F4-AFC80C261F6A}.Ad-Hoc|iPhoneSimulator.Build.0 = Release|Any CPU
		{8C237329-C4FA-447A-A1F4-AFC80C261F6A}.Ad-Hoc|x64.ActiveCfg = Release|Any CPU
		{8C237329-C4FA-447A-A1F4-AFC80C261F6A}.Ad-Hoc|x64.Build.0 = Release|Any CPU
		{8C237329-C4FA-447A-A1F4-AFC80C261F6A}.Ad-Hoc|x86.ActiveCfg = Release|Any CPU
		{8C237329-C4FA-447A-A1F4-AFC80C261F6A}.Ad-Hoc|x86.Build.0 = Release|Any CPU
		{8C237329-C4FA-447A-A1F4-AFC80C261F6A}.AppStore|Any CPU.ActiveCfg = Release|Any CPU
		{8C237329-C4FA-447A-A1F4-AFC80C261F6A}.AppStore|Any CPU.Build.0 = Release|Any CPU
		{8C237329-C4FA-447A-A1F4-AFC80C261F6A}.AppStore|ARM.ActiveCfg = Release|Any CPU
		{8C237329-C4FA-447A-A1F4-AFC80C261F6A}.AppStore|ARM.Build.0 = Release|Any CPU
		{8C237329-C4FA-447A-A1F4-AFC80C261F6A}.AppStore|iPhone.ActiveCfg = Release|Any CPU
		{8C237329-C4FA-447A-A1F4-AFC80C261F6A}.AppStore|iPhone.Build.0 = Release|Any CPU
		{8C237329-C4FA-447A-A1F4-AFC80C261F6A}.AppStore|iPhoneSimulator.ActiveCfg = Release|Any CPU
		{8C237329-C4FA-447A-A1F4-AFC80C261F6A}.AppStore|iPhoneSimulator.Build.0 = Release|Any CPU
		{8C237329-C4FA-447A-A1F4-AFC80C261F6A}.AppStore|x64.ActiveCfg = Release|Any CPU
		{8C237329-C4FA-447A-A1F4-AFC80C261F6A}.AppStore|x64.Build.0 = Release|Any CPU
		{8C237329-C4FA-447A-A1F4-AFC80C261F6A}.AppStore|x86.ActiveCfg = Release|Any CPU
		{8C237329-C4FA-447A-A1F4-AFC80C261F6A}.AppStore|x86.Build.0 = Release|Any CPU
		{8C237329-C4FA-447A-A1F4-AFC80C261F6A}.Debug|Any CPU.ActiveCfg = Debug|Any CPU
		{8C237329-C4FA-447A-A1F4-AFC80C261F6A}.Debug|Any CPU.Build.0 = Debug|Any CPU
		{8C237329-C4FA-447A-A1F4-AFC80C261F6A}.Debug|ARM.ActiveCfg = Debug|Any CPU
		{8C237329-C4FA-447A-A1F4-AFC80C261F6A}.Debug|ARM.Build.0 = Debug|Any CPU
		{8C237329-C4FA-447A-A1F4-AFC80C261F6A}.Debug|iPhone.ActiveCfg = Debug|Any CPU
		{8C237329-C4FA-447A-A1F4-AFC80C261F6A}.Debug|iPhone.Build.0 = Debug|Any CPU
		{8C237329-C4FA-447A-A1F4-AFC80C261F6A}.Debug|iPhoneSimulator.ActiveCfg = Debug|Any CPU
		{8C237329-C4FA-447A-A1F4-AFC80C261F6A}.Debug|iPhoneSimulator.Build.0 = Debug|Any CPU
		{8C237329-C4FA-447A-A1F4-AFC80C261F6A}.Debug|x64.ActiveCfg = Debug|Any CPU
		{8C237329-C4FA-447A-A1F4-AFC80C261F6A}.Debug|x64.Build.0 = Debug|Any CPU
		{8C237329-C4FA-447A-A1F4-AFC80C261F6A}.Debug|x86.ActiveCfg = Debug|Any CPU
		{8C237329-C4FA-447A-A1F4-AFC80C261F6A}.Debug|x86.Build.0 = Debug|Any CPU
		{8C237329-C4FA-447A-A1F4-AFC80C261F6A}.Release|Any CPU.ActiveCfg = Release|Any CPU
		{8C237329-C4FA-447A-A1F4-AFC80C261F6A}.Release|Any CPU.Build.0 = Release|Any CPU
		{8C237329-C4FA-447A-A1F4-AFC80C261F6A}.Release|ARM.ActiveCfg = Release|Any CPU
		{8C237329-C4FA-447A-A1F4-AFC80C261F6A}.Release|ARM.Build.0 = Release|Any CPU
		{8C237329-C4FA-447A-A1F4-AFC80C261F6A}.Release|iPhone.ActiveCfg = Release|Any CPU
		{8C237329-C4FA-447A-A1F4-AFC80C261F6A}.Release|iPhone.Build.0 = Release|Any CPU
		{8C237329-C4FA-447A-A1F4-AFC80C261F6A}.Release|iPhoneSimulator.ActiveCfg = Release|Any CPU
		{8C237329-C4FA-447A-A1F4-AFC80C261F6A}.Release|iPhoneSimulator.Build.0 = Release|Any CPU
		{8C237329-C4FA-447A-A1F4-AFC80C261F6A}.Release|x64.ActiveCfg = Release|Any CPU
		{8C237329-C4FA-447A-A1F4-AFC80C261F6A}.Release|x64.Build.0 = Release|Any CPU
		{8C237329-C4FA-447A-A1F4-AFC80C261F6A}.Release|x86.ActiveCfg = Release|Any CPU
		{8C237329-C4FA-447A-A1F4-AFC80C261F6A}.Release|x86.Build.0 = Release|Any CPU
		{5FB0FB93-8E9C-49E7-B5E1-32868B0CC1C9}.Ad-Hoc|Any CPU.ActiveCfg = Release|Any CPU
		{5FB0FB93-8E9C-49E7-B5E1-32868B0CC1C9}.Ad-Hoc|Any CPU.Build.0 = Release|Any CPU
		{5FB0FB93-8E9C-49E7-B5E1-32868B0CC1C9}.Ad-Hoc|Any CPU.Deploy.0 = Release|Any CPU
		{5FB0FB93-8E9C-49E7-B5E1-32868B0CC1C9}.Ad-Hoc|ARM.ActiveCfg = Release|Any CPU
		{5FB0FB93-8E9C-49E7-B5E1-32868B0CC1C9}.Ad-Hoc|ARM.Build.0 = Release|Any CPU
		{5FB0FB93-8E9C-49E7-B5E1-32868B0CC1C9}.Ad-Hoc|ARM.Deploy.0 = Release|Any CPU
		{5FB0FB93-8E9C-49E7-B5E1-32868B0CC1C9}.Ad-Hoc|iPhone.ActiveCfg = Release|Any CPU
		{5FB0FB93-8E9C-49E7-B5E1-32868B0CC1C9}.Ad-Hoc|iPhone.Build.0 = Release|Any CPU
		{5FB0FB93-8E9C-49E7-B5E1-32868B0CC1C9}.Ad-Hoc|iPhone.Deploy.0 = Release|Any CPU
		{5FB0FB93-8E9C-49E7-B5E1-32868B0CC1C9}.Ad-Hoc|iPhoneSimulator.ActiveCfg = Release|Any CPU
		{5FB0FB93-8E9C-49E7-B5E1-32868B0CC1C9}.Ad-Hoc|iPhoneSimulator.Build.0 = Release|Any CPU
		{5FB0FB93-8E9C-49E7-B5E1-32868B0CC1C9}.Ad-Hoc|iPhoneSimulator.Deploy.0 = Release|Any CPU
		{5FB0FB93-8E9C-49E7-B5E1-32868B0CC1C9}.Ad-Hoc|x64.ActiveCfg = Release|Any CPU
		{5FB0FB93-8E9C-49E7-B5E1-32868B0CC1C9}.Ad-Hoc|x64.Build.0 = Release|Any CPU
		{5FB0FB93-8E9C-49E7-B5E1-32868B0CC1C9}.Ad-Hoc|x64.Deploy.0 = Release|Any CPU
		{5FB0FB93-8E9C-49E7-B5E1-32868B0CC1C9}.Ad-Hoc|x86.ActiveCfg = Release|Any CPU
		{5FB0FB93-8E9C-49E7-B5E1-32868B0CC1C9}.Ad-Hoc|x86.Build.0 = Release|Any CPU
		{5FB0FB93-8E9C-49E7-B5E1-32868B0CC1C9}.Ad-Hoc|x86.Deploy.0 = Release|Any CPU
		{5FB0FB93-8E9C-49E7-B5E1-32868B0CC1C9}.AppStore|Any CPU.ActiveCfg = Release|Any CPU
		{5FB0FB93-8E9C-49E7-B5E1-32868B0CC1C9}.AppStore|Any CPU.Build.0 = Release|Any CPU
		{5FB0FB93-8E9C-49E7-B5E1-32868B0CC1C9}.AppStore|Any CPU.Deploy.0 = Release|Any CPU
		{5FB0FB93-8E9C-49E7-B5E1-32868B0CC1C9}.AppStore|ARM.ActiveCfg = Release|Any CPU
		{5FB0FB93-8E9C-49E7-B5E1-32868B0CC1C9}.AppStore|ARM.Build.0 = Release|Any CPU
		{5FB0FB93-8E9C-49E7-B5E1-32868B0CC1C9}.AppStore|ARM.Deploy.0 = Release|Any CPU
		{5FB0FB93-8E9C-49E7-B5E1-32868B0CC1C9}.AppStore|iPhone.ActiveCfg = Release|Any CPU
		{5FB0FB93-8E9C-49E7-B5E1-32868B0CC1C9}.AppStore|iPhone.Build.0 = Release|Any CPU
		{5FB0FB93-8E9C-49E7-B5E1-32868B0CC1C9}.AppStore|iPhone.Deploy.0 = Release|Any CPU
		{5FB0FB93-8E9C-49E7-B5E1-32868B0CC1C9}.AppStore|iPhoneSimulator.ActiveCfg = Release|Any CPU
		{5FB0FB93-8E9C-49E7-B5E1-32868B0CC1C9}.AppStore|iPhoneSimulator.Build.0 = Release|Any CPU
		{5FB0FB93-8E9C-49E7-B5E1-32868B0CC1C9}.AppStore|iPhoneSimulator.Deploy.0 = Release|Any CPU
		{5FB0FB93-8E9C-49E7-B5E1-32868B0CC1C9}.AppStore|x64.ActiveCfg = Release|Any CPU
		{5FB0FB93-8E9C-49E7-B5E1-32868B0CC1C9}.AppStore|x64.Build.0 = Release|Any CPU
		{5FB0FB93-8E9C-49E7-B5E1-32868B0CC1C9}.AppStore|x64.Deploy.0 = Release|Any CPU
		{5FB0FB93-8E9C-49E7-B5E1-32868B0CC1C9}.AppStore|x86.ActiveCfg = Release|Any CPU
		{5FB0FB93-8E9C-49E7-B5E1-32868B0CC1C9}.AppStore|x86.Build.0 = Release|Any CPU
		{5FB0FB93-8E9C-49E7-B5E1-32868B0CC1C9}.AppStore|x86.Deploy.0 = Release|Any CPU
		{5FB0FB93-8E9C-49E7-B5E1-32868B0CC1C9}.Debug|Any CPU.ActiveCfg = Debug|Any CPU
		{5FB0FB93-8E9C-49E7-B5E1-32868B0CC1C9}.Debug|Any CPU.Build.0 = Debug|Any CPU
		{5FB0FB93-8E9C-49E7-B5E1-32868B0CC1C9}.Debug|Any CPU.Deploy.0 = Debug|Any CPU
		{5FB0FB93-8E9C-49E7-B5E1-32868B0CC1C9}.Debug|ARM.ActiveCfg = Debug|Any CPU
		{5FB0FB93-8E9C-49E7-B5E1-32868B0CC1C9}.Debug|ARM.Build.0 = Debug|Any CPU
		{5FB0FB93-8E9C-49E7-B5E1-32868B0CC1C9}.Debug|ARM.Deploy.0 = Debug|Any CPU
		{5FB0FB93-8E9C-49E7-B5E1-32868B0CC1C9}.Debug|iPhone.ActiveCfg = Debug|Any CPU
		{5FB0FB93-8E9C-49E7-B5E1-32868B0CC1C9}.Debug|iPhone.Build.0 = Debug|Any CPU
		{5FB0FB93-8E9C-49E7-B5E1-32868B0CC1C9}.Debug|iPhone.Deploy.0 = Debug|Any CPU
		{5FB0FB93-8E9C-49E7-B5E1-32868B0CC1C9}.Debug|iPhoneSimulator.ActiveCfg = Debug|Any CPU
		{5FB0FB93-8E9C-49E7-B5E1-32868B0CC1C9}.Debug|iPhoneSimulator.Build.0 = Debug|Any CPU
		{5FB0FB93-8E9C-49E7-B5E1-32868B0CC1C9}.Debug|iPhoneSimulator.Deploy.0 = Debug|Any CPU
		{5FB0FB93-8E9C-49E7-B5E1-32868B0CC1C9}.Debug|x64.ActiveCfg = Debug|Any CPU
		{5FB0FB93-8E9C-49E7-B5E1-32868B0CC1C9}.Debug|x64.Build.0 = Debug|Any CPU
		{5FB0FB93-8E9C-49E7-B5E1-32868B0CC1C9}.Debug|x64.Deploy.0 = Debug|Any CPU
		{5FB0FB93-8E9C-49E7-B5E1-32868B0CC1C9}.Debug|x86.ActiveCfg = Debug|Any CPU
		{5FB0FB93-8E9C-49E7-B5E1-32868B0CC1C9}.Debug|x86.Build.0 = Debug|Any CPU
		{5FB0FB93-8E9C-49E7-B5E1-32868B0CC1C9}.Debug|x86.Deploy.0 = Debug|Any CPU
		{5FB0FB93-8E9C-49E7-B5E1-32868B0CC1C9}.Release|Any CPU.ActiveCfg = Release|Any CPU
		{5FB0FB93-8E9C-49E7-B5E1-32868B0CC1C9}.Release|Any CPU.Build.0 = Release|Any CPU
		{5FB0FB93-8E9C-49E7-B5E1-32868B0CC1C9}.Release|Any CPU.Deploy.0 = Release|Any CPU
		{5FB0FB93-8E9C-49E7-B5E1-32868B0CC1C9}.Release|ARM.ActiveCfg = Release|Any CPU
		{5FB0FB93-8E9C-49E7-B5E1-32868B0CC1C9}.Release|ARM.Build.0 = Release|Any CPU
		{5FB0FB93-8E9C-49E7-B5E1-32868B0CC1C9}.Release|ARM.Deploy.0 = Release|Any CPU
		{5FB0FB93-8E9C-49E7-B5E1-32868B0CC1C9}.Release|iPhone.ActiveCfg = Release|Any CPU
		{5FB0FB93-8E9C-49E7-B5E1-32868B0CC1C9}.Release|iPhone.Build.0 = Release|Any CPU
		{5FB0FB93-8E9C-49E7-B5E1-32868B0CC1C9}.Release|iPhone.Deploy.0 = Release|Any CPU
		{5FB0FB93-8E9C-49E7-B5E1-32868B0CC1C9}.Release|iPhoneSimulator.ActiveCfg = Release|Any CPU
		{5FB0FB93-8E9C-49E7-B5E1-32868B0CC1C9}.Release|iPhoneSimulator.Build.0 = Release|Any CPU
		{5FB0FB93-8E9C-49E7-B5E1-32868B0CC1C9}.Release|iPhoneSimulator.Deploy.0 = Release|Any CPU
		{5FB0FB93-8E9C-49E7-B5E1-32868B0CC1C9}.Release|x64.ActiveCfg = Release|Any CPU
		{5FB0FB93-8E9C-49E7-B5E1-32868B0CC1C9}.Release|x64.Build.0 = Release|Any CPU
		{5FB0FB93-8E9C-49E7-B5E1-32868B0CC1C9}.Release|x64.Deploy.0 = Release|Any CPU
		{5FB0FB93-8E9C-49E7-B5E1-32868B0CC1C9}.Release|x86.ActiveCfg = Release|Any CPU
		{5FB0FB93-8E9C-49E7-B5E1-32868B0CC1C9}.Release|x86.Build.0 = Release|Any CPU
		{5FB0FB93-8E9C-49E7-B5E1-32868B0CC1C9}.Release|x86.Deploy.0 = Release|Any CPU
		{75F7DCDD-E340-435D-BE9B-F2EDD73A8CB6}.Ad-Hoc|Any CPU.ActiveCfg = Ad-Hoc|iPhone
		{75F7DCDD-E340-435D-BE9B-F2EDD73A8CB6}.Ad-Hoc|ARM.ActiveCfg = Ad-Hoc|iPhone
		{75F7DCDD-E340-435D-BE9B-F2EDD73A8CB6}.Ad-Hoc|iPhone.ActiveCfg = Ad-Hoc|iPhone
		{75F7DCDD-E340-435D-BE9B-F2EDD73A8CB6}.Ad-Hoc|iPhone.Build.0 = Ad-Hoc|iPhone
		{75F7DCDD-E340-435D-BE9B-F2EDD73A8CB6}.Ad-Hoc|iPhoneSimulator.ActiveCfg = Ad-Hoc|iPhoneSimulator
		{75F7DCDD-E340-435D-BE9B-F2EDD73A8CB6}.Ad-Hoc|iPhoneSimulator.Build.0 = Ad-Hoc|iPhoneSimulator
		{75F7DCDD-E340-435D-BE9B-F2EDD73A8CB6}.Ad-Hoc|x64.ActiveCfg = Ad-Hoc|iPhone
		{75F7DCDD-E340-435D-BE9B-F2EDD73A8CB6}.Ad-Hoc|x86.ActiveCfg = Ad-Hoc|iPhone
		{75F7DCDD-E340-435D-BE9B-F2EDD73A8CB6}.AppStore|Any CPU.ActiveCfg = AppStore|iPhone
		{75F7DCDD-E340-435D-BE9B-F2EDD73A8CB6}.AppStore|ARM.ActiveCfg = AppStore|iPhone
		{75F7DCDD-E340-435D-BE9B-F2EDD73A8CB6}.AppStore|iPhone.ActiveCfg = AppStore|iPhone
		{75F7DCDD-E340-435D-BE9B-F2EDD73A8CB6}.AppStore|iPhone.Build.0 = AppStore|iPhone
		{75F7DCDD-E340-435D-BE9B-F2EDD73A8CB6}.AppStore|iPhoneSimulator.ActiveCfg = AppStore|iPhoneSimulator
		{75F7DCDD-E340-435D-BE9B-F2EDD73A8CB6}.AppStore|iPhoneSimulator.Build.0 = AppStore|iPhoneSimulator
		{75F7DCDD-E340-435D-BE9B-F2EDD73A8CB6}.AppStore|x64.ActiveCfg = AppStore|iPhone
		{75F7DCDD-E340-435D-BE9B-F2EDD73A8CB6}.AppStore|x86.ActiveCfg = AppStore|iPhone
		{75F7DCDD-E340-435D-BE9B-F2EDD73A8CB6}.Debug|Any CPU.ActiveCfg = Debug|iPhone
		{75F7DCDD-E340-435D-BE9B-F2EDD73A8CB6}.Debug|ARM.ActiveCfg = Debug|iPhone
		{75F7DCDD-E340-435D-BE9B-F2EDD73A8CB6}.Debug|iPhone.ActiveCfg = Debug|iPhone
		{75F7DCDD-E340-435D-BE9B-F2EDD73A8CB6}.Debug|iPhone.Build.0 = Debug|iPhone
		{75F7DCDD-E340-435D-BE9B-F2EDD73A8CB6}.Debug|iPhoneSimulator.ActiveCfg = Debug|iPhoneSimulator
		{75F7DCDD-E340-435D-BE9B-F2EDD73A8CB6}.Debug|iPhoneSimulator.Build.0 = Debug|iPhoneSimulator
		{75F7DCDD-E340-435D-BE9B-F2EDD73A8CB6}.Debug|x64.ActiveCfg = Debug|iPhone
		{75F7DCDD-E340-435D-BE9B-F2EDD73A8CB6}.Debug|x86.ActiveCfg = Debug|iPhone
		{75F7DCDD-E340-435D-BE9B-F2EDD73A8CB6}.Release|Any CPU.ActiveCfg = Release|iPhone
		{75F7DCDD-E340-435D-BE9B-F2EDD73A8CB6}.Release|ARM.ActiveCfg = Release|iPhone
		{75F7DCDD-E340-435D-BE9B-F2EDD73A8CB6}.Release|iPhone.ActiveCfg = Release|iPhone
		{75F7DCDD-E340-435D-BE9B-F2EDD73A8CB6}.Release|iPhone.Build.0 = Release|iPhone
		{75F7DCDD-E340-435D-BE9B-F2EDD73A8CB6}.Release|iPhoneSimulator.ActiveCfg = Release|iPhoneSimulator
		{75F7DCDD-E340-435D-BE9B-F2EDD73A8CB6}.Release|iPhoneSimulator.Build.0 = Release|iPhoneSimulator
		{75F7DCDD-E340-435D-BE9B-F2EDD73A8CB6}.Release|x64.ActiveCfg = Release|iPhone
		{75F7DCDD-E340-435D-BE9B-F2EDD73A8CB6}.Release|x86.ActiveCfg = Release|iPhone
		{C341223D-7836-46AE-A0AF-68210D9F0CC8}.Ad-Hoc|Any CPU.ActiveCfg = Release|Any CPU
		{C341223D-7836-46AE-A0AF-68210D9F0CC8}.Ad-Hoc|Any CPU.Build.0 = Release|Any CPU
		{C341223D-7836-46AE-A0AF-68210D9F0CC8}.Ad-Hoc|Any CPU.Deploy.0 = Release|Any CPU
		{C341223D-7836-46AE-A0AF-68210D9F0CC8}.Ad-Hoc|ARM.ActiveCfg = Release|ARM
		{C341223D-7836-46AE-A0AF-68210D9F0CC8}.Ad-Hoc|ARM.Build.0 = Release|ARM
		{C341223D-7836-46AE-A0AF-68210D9F0CC8}.Ad-Hoc|ARM.Deploy.0 = Release|ARM
		{C341223D-7836-46AE-A0AF-68210D9F0CC8}.Ad-Hoc|iPhone.ActiveCfg = Release|Any CPU
		{C341223D-7836-46AE-A0AF-68210D9F0CC8}.Ad-Hoc|iPhone.Build.0 = Release|Any CPU
		{C341223D-7836-46AE-A0AF-68210D9F0CC8}.Ad-Hoc|iPhone.Deploy.0 = Release|Any CPU
		{C341223D-7836-46AE-A0AF-68210D9F0CC8}.Ad-Hoc|iPhoneSimulator.ActiveCfg = Release|Any CPU
		{C341223D-7836-46AE-A0AF-68210D9F0CC8}.Ad-Hoc|iPhoneSimulator.Build.0 = Release|Any CPU
		{C341223D-7836-46AE-A0AF-68210D9F0CC8}.Ad-Hoc|iPhoneSimulator.Deploy.0 = Release|Any CPU
		{C341223D-7836-46AE-A0AF-68210D9F0CC8}.Ad-Hoc|x64.ActiveCfg = Release|Any CPU
		{C341223D-7836-46AE-A0AF-68210D9F0CC8}.Ad-Hoc|x64.Build.0 = Release|Any CPU
		{C341223D-7836-46AE-A0AF-68210D9F0CC8}.Ad-Hoc|x64.Deploy.0 = Release|Any CPU
		{C341223D-7836-46AE-A0AF-68210D9F0CC8}.Ad-Hoc|x86.ActiveCfg = Release|x86
		{C341223D-7836-46AE-A0AF-68210D9F0CC8}.Ad-Hoc|x86.Build.0 = Release|x86
		{C341223D-7836-46AE-A0AF-68210D9F0CC8}.Ad-Hoc|x86.Deploy.0 = Release|x86
		{C341223D-7836-46AE-A0AF-68210D9F0CC8}.AppStore|Any CPU.ActiveCfg = Release|Any CPU
		{C341223D-7836-46AE-A0AF-68210D9F0CC8}.AppStore|Any CPU.Build.0 = Release|Any CPU
		{C341223D-7836-46AE-A0AF-68210D9F0CC8}.AppStore|Any CPU.Deploy.0 = Release|Any CPU
		{C341223D-7836-46AE-A0AF-68210D9F0CC8}.AppStore|ARM.ActiveCfg = Release|ARM
		{C341223D-7836-46AE-A0AF-68210D9F0CC8}.AppStore|ARM.Build.0 = Release|ARM
		{C341223D-7836-46AE-A0AF-68210D9F0CC8}.AppStore|ARM.Deploy.0 = Release|ARM
		{C341223D-7836-46AE-A0AF-68210D9F0CC8}.AppStore|iPhone.ActiveCfg = Release|Any CPU
		{C341223D-7836-46AE-A0AF-68210D9F0CC8}.AppStore|iPhone.Build.0 = Release|Any CPU
		{C341223D-7836-46AE-A0AF-68210D9F0CC8}.AppStore|iPhone.Deploy.0 = Release|Any CPU
		{C341223D-7836-46AE-A0AF-68210D9F0CC8}.AppStore|iPhoneSimulator.ActiveCfg = Release|Any CPU
		{C341223D-7836-46AE-A0AF-68210D9F0CC8}.AppStore|iPhoneSimulator.Build.0 = Release|Any CPU
		{C341223D-7836-46AE-A0AF-68210D9F0CC8}.AppStore|iPhoneSimulator.Deploy.0 = Release|Any CPU
		{C341223D-7836-46AE-A0AF-68210D9F0CC8}.AppStore|x64.ActiveCfg = Release|Any CPU
		{C341223D-7836-46AE-A0AF-68210D9F0CC8}.AppStore|x64.Build.0 = Release|Any CPU
		{C341223D-7836-46AE-A0AF-68210D9F0CC8}.AppStore|x64.Deploy.0 = Release|Any CPU
		{C341223D-7836-46AE-A0AF-68210D9F0CC8}.AppStore|x86.ActiveCfg = Release|x86
		{C341223D-7836-46AE-A0AF-68210D9F0CC8}.AppStore|x86.Build.0 = Release|x86
		{C341223D-7836-46AE-A0AF-68210D9F0CC8}.AppStore|x86.Deploy.0 = Release|x86
		{C341223D-7836-46AE-A0AF-68210D9F0CC8}.Debug|Any CPU.ActiveCfg = Debug|Any CPU
		{C341223D-7836-46AE-A0AF-68210D9F0CC8}.Debug|Any CPU.Build.0 = Debug|Any CPU
		{C341223D-7836-46AE-A0AF-68210D9F0CC8}.Debug|Any CPU.Deploy.0 = Debug|Any CPU
		{C341223D-7836-46AE-A0AF-68210D9F0CC8}.Debug|ARM.ActiveCfg = Debug|ARM
		{C341223D-7836-46AE-A0AF-68210D9F0CC8}.Debug|ARM.Build.0 = Debug|ARM
		{C341223D-7836-46AE-A0AF-68210D9F0CC8}.Debug|ARM.Deploy.0 = Debug|ARM
		{C341223D-7836-46AE-A0AF-68210D9F0CC8}.Debug|iPhone.ActiveCfg = Debug|Any CPU
		{C341223D-7836-46AE-A0AF-68210D9F0CC8}.Debug|iPhone.Build.0 = Debug|Any CPU
		{C341223D-7836-46AE-A0AF-68210D9F0CC8}.Debug|iPhone.Deploy.0 = Debug|Any CPU
		{C341223D-7836-46AE-A0AF-68210D9F0CC8}.Debug|iPhoneSimulator.ActiveCfg = Debug|Any CPU
		{C341223D-7836-46AE-A0AF-68210D9F0CC8}.Debug|iPhoneSimulator.Build.0 = Debug|Any CPU
		{C341223D-7836-46AE-A0AF-68210D9F0CC8}.Debug|iPhoneSimulator.Deploy.0 = Debug|Any CPU
		{C341223D-7836-46AE-A0AF-68210D9F0CC8}.Debug|x64.ActiveCfg = Debug|Any CPU
		{C341223D-7836-46AE-A0AF-68210D9F0CC8}.Debug|x64.Build.0 = Debug|Any CPU
		{C341223D-7836-46AE-A0AF-68210D9F0CC8}.Debug|x64.Deploy.0 = Debug|Any CPU
		{C341223D-7836-46AE-A0AF-68210D9F0CC8}.Debug|x86.ActiveCfg = Debug|x86
		{C341223D-7836-46AE-A0AF-68210D9F0CC8}.Debug|x86.Build.0 = Debug|x86
		{C341223D-7836-46AE-A0AF-68210D9F0CC8}.Debug|x86.Deploy.0 = Debug|x86
		{C341223D-7836-46AE-A0AF-68210D9F0CC8}.Release|Any CPU.ActiveCfg = Release|Any CPU
		{C341223D-7836-46AE-A0AF-68210D9F0CC8}.Release|Any CPU.Build.0 = Release|Any CPU
		{C341223D-7836-46AE-A0AF-68210D9F0CC8}.Release|Any CPU.Deploy.0 = Release|Any CPU
		{C341223D-7836-46AE-A0AF-68210D9F0CC8}.Release|ARM.ActiveCfg = Release|ARM
		{C341223D-7836-46AE-A0AF-68210D9F0CC8}.Release|ARM.Build.0 = Release|ARM
		{C341223D-7836-46AE-A0AF-68210D9F0CC8}.Release|ARM.Deploy.0 = Release|ARM
		{C341223D-7836-46AE-A0AF-68210D9F0CC8}.Release|iPhone.ActiveCfg = Release|Any CPU
		{C341223D-7836-46AE-A0AF-68210D9F0CC8}.Release|iPhone.Build.0 = Release|Any CPU
		{C341223D-7836-46AE-A0AF-68210D9F0CC8}.Release|iPhone.Deploy.0 = Release|Any CPU
		{C341223D-7836-46AE-A0AF-68210D9F0CC8}.Release|iPhoneSimulator.ActiveCfg = Release|Any CPU
		{C341223D-7836-46AE-A0AF-68210D9F0CC8}.Release|iPhoneSimulator.Build.0 = Release|Any CPU
		{C341223D-7836-46AE-A0AF-68210D9F0CC8}.Release|iPhoneSimulator.Deploy.0 = Release|Any CPU
		{C341223D-7836-46AE-A0AF-68210D9F0CC8}.Release|x64.ActiveCfg = Release|Any CPU
		{C341223D-7836-46AE-A0AF-68210D9F0CC8}.Release|x64.Build.0 = Release|Any CPU
		{C341223D-7836-46AE-A0AF-68210D9F0CC8}.Release|x64.Deploy.0 = Release|Any CPU
		{C341223D-7836-46AE-A0AF-68210D9F0CC8}.Release|x86.ActiveCfg = Release|x86
		{C341223D-7836-46AE-A0AF-68210D9F0CC8}.Release|x86.Build.0 = Release|x86
		{C341223D-7836-46AE-A0AF-68210D9F0CC8}.Release|x86.Deploy.0 = Release|x86
		{A06FF7DB-5805-4F5E-A578-46EBE5A198EE}.Ad-Hoc|Any CPU.ActiveCfg = Release|Any CPU
		{A06FF7DB-5805-4F5E-A578-46EBE5A198EE}.Ad-Hoc|Any CPU.Build.0 = Release|Any CPU
		{A06FF7DB-5805-4F5E-A578-46EBE5A198EE}.Ad-Hoc|Any CPU.Deploy.0 = Release|Any CPU
		{A06FF7DB-5805-4F5E-A578-46EBE5A198EE}.Ad-Hoc|ARM.ActiveCfg = Release|ARM
		{A06FF7DB-5805-4F5E-A578-46EBE5A198EE}.Ad-Hoc|ARM.Build.0 = Release|ARM
		{A06FF7DB-5805-4F5E-A578-46EBE5A198EE}.Ad-Hoc|ARM.Deploy.0 = Release|ARM
		{A06FF7DB-5805-4F5E-A578-46EBE5A198EE}.Ad-Hoc|iPhone.ActiveCfg = Release|Any CPU
		{A06FF7DB-5805-4F5E-A578-46EBE5A198EE}.Ad-Hoc|iPhone.Build.0 = Release|Any CPU
		{A06FF7DB-5805-4F5E-A578-46EBE5A198EE}.Ad-Hoc|iPhone.Deploy.0 = Release|Any CPU
		{A06FF7DB-5805-4F5E-A578-46EBE5A198EE}.Ad-Hoc|iPhoneSimulator.ActiveCfg = Release|Any CPU
		{A06FF7DB-5805-4F5E-A578-46EBE5A198EE}.Ad-Hoc|iPhoneSimulator.Build.0 = Release|Any CPU
		{A06FF7DB-5805-4F5E-A578-46EBE5A198EE}.Ad-Hoc|iPhoneSimulator.Deploy.0 = Release|Any CPU
		{A06FF7DB-5805-4F5E-A578-46EBE5A198EE}.Ad-Hoc|x64.ActiveCfg = Release|x64
		{A06FF7DB-5805-4F5E-A578-46EBE5A198EE}.Ad-Hoc|x64.Build.0 = Release|x64
		{A06FF7DB-5805-4F5E-A578-46EBE5A198EE}.Ad-Hoc|x64.Deploy.0 = Release|x64
		{A06FF7DB-5805-4F5E-A578-46EBE5A198EE}.Ad-Hoc|x86.ActiveCfg = Release|x86
		{A06FF7DB-5805-4F5E-A578-46EBE5A198EE}.Ad-Hoc|x86.Build.0 = Release|x86
		{A06FF7DB-5805-4F5E-A578-46EBE5A198EE}.Ad-Hoc|x86.Deploy.0 = Release|x86
		{A06FF7DB-5805-4F5E-A578-46EBE5A198EE}.AppStore|Any CPU.ActiveCfg = Release|Any CPU
		{A06FF7DB-5805-4F5E-A578-46EBE5A198EE}.AppStore|Any CPU.Build.0 = Release|Any CPU
		{A06FF7DB-5805-4F5E-A578-46EBE5A198EE}.AppStore|Any CPU.Deploy.0 = Release|Any CPU
		{A06FF7DB-5805-4F5E-A578-46EBE5A198EE}.AppStore|ARM.ActiveCfg = Release|ARM
		{A06FF7DB-5805-4F5E-A578-46EBE5A198EE}.AppStore|ARM.Build.0 = Release|ARM
		{A06FF7DB-5805-4F5E-A578-46EBE5A198EE}.AppStore|ARM.Deploy.0 = Release|ARM
		{A06FF7DB-5805-4F5E-A578-46EBE5A198EE}.AppStore|iPhone.ActiveCfg = Release|Any CPU
		{A06FF7DB-5805-4F5E-A578-46EBE5A198EE}.AppStore|iPhone.Build.0 = Release|Any CPU
		{A06FF7DB-5805-4F5E-A578-46EBE5A198EE}.AppStore|iPhone.Deploy.0 = Release|Any CPU
		{A06FF7DB-5805-4F5E-A578-46EBE5A198EE}.AppStore|iPhoneSimulator.ActiveCfg = Release|Any CPU
		{A06FF7DB-5805-4F5E-A578-46EBE5A198EE}.AppStore|iPhoneSimulator.Build.0 = Release|Any CPU
		{A06FF7DB-5805-4F5E-A578-46EBE5A198EE}.AppStore|iPhoneSimulator.Deploy.0 = Release|Any CPU
		{A06FF7DB-5805-4F5E-A578-46EBE5A198EE}.AppStore|x64.ActiveCfg = Release|x64
		{A06FF7DB-5805-4F5E-A578-46EBE5A198EE}.AppStore|x64.Build.0 = Release|x64
		{A06FF7DB-5805-4F5E-A578-46EBE5A198EE}.AppStore|x64.Deploy.0 = Release|x64
		{A06FF7DB-5805-4F5E-A578-46EBE5A198EE}.AppStore|x86.ActiveCfg = Release|x86
		{A06FF7DB-5805-4F5E-A578-46EBE5A198EE}.AppStore|x86.Build.0 = Release|x86
		{A06FF7DB-5805-4F5E-A578-46EBE5A198EE}.AppStore|x86.Deploy.0 = Release|x86
		{A06FF7DB-5805-4F5E-A578-46EBE5A198EE}.Debug|Any CPU.ActiveCfg = Debug|Any CPU
		{A06FF7DB-5805-4F5E-A578-46EBE5A198EE}.Debug|Any CPU.Build.0 = Debug|Any CPU
		{A06FF7DB-5805-4F5E-A578-46EBE5A198EE}.Debug|Any CPU.Deploy.0 = Debug|Any CPU
		{A06FF7DB-5805-4F5E-A578-46EBE5A198EE}.Debug|ARM.ActiveCfg = Debug|ARM
		{A06FF7DB-5805-4F5E-A578-46EBE5A198EE}.Debug|ARM.Build.0 = Debug|ARM
		{A06FF7DB-5805-4F5E-A578-46EBE5A198EE}.Debug|ARM.Deploy.0 = Debug|ARM
		{A06FF7DB-5805-4F5E-A578-46EBE5A198EE}.Debug|iPhone.ActiveCfg = Debug|Any CPU
		{A06FF7DB-5805-4F5E-A578-46EBE5A198EE}.Debug|iPhone.Build.0 = Debug|Any CPU
		{A06FF7DB-5805-4F5E-A578-46EBE5A198EE}.Debug|iPhone.Deploy.0 = Debug|Any CPU
		{A06FF7DB-5805-4F5E-A578-46EBE5A198EE}.Debug|iPhoneSimulator.ActiveCfg = Debug|Any CPU
		{A06FF7DB-5805-4F5E-A578-46EBE5A198EE}.Debug|iPhoneSimulator.Build.0 = Debug|Any CPU
		{A06FF7DB-5805-4F5E-A578-46EBE5A198EE}.Debug|iPhoneSimulator.Deploy.0 = Debug|Any CPU
		{A06FF7DB-5805-4F5E-A578-46EBE5A198EE}.Debug|x64.ActiveCfg = Debug|x64
		{A06FF7DB-5805-4F5E-A578-46EBE5A198EE}.Debug|x64.Build.0 = Debug|x64
		{A06FF7DB-5805-4F5E-A578-46EBE5A198EE}.Debug|x64.Deploy.0 = Debug|x64
		{A06FF7DB-5805-4F5E-A578-46EBE5A198EE}.Debug|x86.ActiveCfg = Debug|x86
		{A06FF7DB-5805-4F5E-A578-46EBE5A198EE}.Debug|x86.Build.0 = Debug|x86
		{A06FF7DB-5805-4F5E-A578-46EBE5A198EE}.Debug|x86.Deploy.0 = Debug|x86
		{A06FF7DB-5805-4F5E-A578-46EBE5A198EE}.Release|Any CPU.ActiveCfg = Release|Any CPU
		{A06FF7DB-5805-4F5E-A578-46EBE5A198EE}.Release|Any CPU.Build.0 = Release|Any CPU
		{A06FF7DB-5805-4F5E-A578-46EBE5A198EE}.Release|Any CPU.Deploy.0 = Release|Any CPU
		{A06FF7DB-5805-4F5E-A578-46EBE5A198EE}.Release|ARM.ActiveCfg = Release|ARM
		{A06FF7DB-5805-4F5E-A578-46EBE5A198EE}.Release|ARM.Build.0 = Release|ARM
		{A06FF7DB-5805-4F5E-A578-46EBE5A198EE}.Release|ARM.Deploy.0 = Release|ARM
		{A06FF7DB-5805-4F5E-A578-46EBE5A198EE}.Release|iPhone.ActiveCfg = Release|Any CPU
		{A06FF7DB-5805-4F5E-A578-46EBE5A198EE}.Release|iPhone.Build.0 = Release|Any CPU
		{A06FF7DB-5805-4F5E-A578-46EBE5A198EE}.Release|iPhone.Deploy.0 = Release|Any CPU
		{A06FF7DB-5805-4F5E-A578-46EBE5A198EE}.Release|iPhoneSimulator.ActiveCfg = Release|Any CPU
		{A06FF7DB-5805-4F5E-A578-46EBE5A198EE}.Release|iPhoneSimulator.Build.0 = Release|Any CPU
		{A06FF7DB-5805-4F5E-A578-46EBE5A198EE}.Release|iPhoneSimulator.Deploy.0 = Release|Any CPU
		{A06FF7DB-5805-4F5E-A578-46EBE5A198EE}.Release|x64.ActiveCfg = Release|x64
		{A06FF7DB-5805-4F5E-A578-46EBE5A198EE}.Release|x64.Build.0 = Release|x64
		{A06FF7DB-5805-4F5E-A578-46EBE5A198EE}.Release|x64.Deploy.0 = Release|x64
		{A06FF7DB-5805-4F5E-A578-46EBE5A198EE}.Release|x86.ActiveCfg = Release|x86
		{A06FF7DB-5805-4F5E-A578-46EBE5A198EE}.Release|x86.Build.0 = Release|x86
		{A06FF7DB-5805-4F5E-A578-46EBE5A198EE}.Release|x86.Deploy.0 = Release|x86
	EndGlobalSection
	GlobalSection(SolutionProperties) = preSolution
		HideSolutionNode = FALSE
	EndGlobalSection
EndGlobal
